
Microsoft Visual Studio Solution File, Format Version 12.00
# Visual Studio Version 17
VisualStudioVersion = 17.13.35806.99 d17.13
MinimumVisualStudioVersion = 10.0.40219.1
Project("{FAE04EC0-301F-11D3-BF4B-00C04F79EFBC}") = "InterprocessCommunication", "InterprocessCommunication.csproj", "{2BABB1B0-0986-4BA9-8097-31743D4B2950}"
EndProject
Global
	GlobalSection(SolutionConfigurationPlatforms) = preSolution
		Debug|Any CPU = Debug|Any CPU
		Release|Any CPU = Release|Any CPU
	EndGlobalSection
	GlobalSection(ProjectConfigurationPlatforms) = postSolution
		{2BABB1B0-0986-4BA9-8097-31743D4B2950}.Debug|Any CPU.ActiveCfg = Debug|Any CPU
		{2BABB1B0-0986-4BA9-8097-31743D4B2950}.Debug|Any CPU.Build.0 = Debug|Any CPU
		{2BABB1B0-0986-4BA9-8097-31743D4B2950}.Release|Any CPU.ActiveCfg = Release|Any CPU
		{2BABB1B0-0986-4BA9-8097-31743D4B2950}.Release|Any CPU.Build.0 = Release|Any CPU
	EndGlobalSection
	GlobalSection(SolutionProperties) = preSolution
		HideSolutionNode = FALSE
	EndGlobalSection
	GlobalSection(ExtensibilityGlobals) = postSolution
		SolutionGuid = {639BD236-4C3D-487D-B9EF-BF779CB65DC1}
	EndGlobalSection
EndGlobal
